
Microsoft Visual Studio Solution File, Format Version 12.00
# Visual Studio 2013
VisualStudioVersion = 12.0.31101.0
MinimumVisualStudioVersion = 10.0.40219.1
Project("{FAE04EC0-301F-11D3-BF4B-00C04F79EFBC}") = "TextureBuilder", "TextureBuilder\TextureBuilder.csproj", "{6F19681C-4CAC-4285-A932-075F93808C12}"
EndProject
Global
	GlobalSection(SolutionConfigurationPlatforms) = preSolution
		Debug|Any CPU = Debug|Any CPU
		Release|Any CPU = Release|Any CPU
	EndGlobalSection
	GlobalSection(ProjectConfigurationPlatforms) = postSolution
		{6F19681C-4CAC-4285-A932-075F93808C12}.Debug|Any CPU.ActiveCfg = Debug|Any CPU
		{6F19681C-4CAC-4285-A932-075F93808C12}.Debug|Any CPU.Build.0 = Debug|Any CPU
		{6F19681C-4CAC-4285-A932-075F93808C12}.Release|Any CPU.ActiveCfg = Release|Any CPU
		{6F19681C-4CAC-4285-A932-075F93808C12}.Release|Any CPU.Build.0 = Release|Any CPU
	EndGlobalSection
	GlobalSection(SolutionProperties) = preSolution
		HideSolutionNode = FALSE
	EndGlobalSection
EndGlobal
